
Microsoft Visual Studio Solution File, Format Version 12.00
# Visual Studio Version 17
VisualStudioVersion = 17.5.33627.172
MinimumVisualStudioVersion = 10.0.40219.1
Project("{FAE04EC0-301F-11D3-BF4B-00C04F79EFBC}") = "practical-5", "practical-5.csproj", "{896A5289-7F6F-4E48-8534-A98692D0D09C}"
EndProject
Global
	GlobalSection(SolutionConfigurationPlatforms) = preSolution
		Debug|Any CPU = Debug|Any CPU
		Release|Any CPU = Release|Any CPU
	EndGlobalSection
	GlobalSection(ProjectConfigurationPlatforms) = postSolution
		{896A5289-7F6F-4E48-8534-A98692D0D09C}.Debug|Any CPU.ActiveCfg = Debug|Any CPU
		{896A5289-7F6F-4E48-8534-A98692D0D09C}.Debug|Any CPU.Build.0 = Debug|Any CPU
		{896A5289-7F6F-4E48-8534-A98692D0D09C}.Release|Any CPU.ActiveCfg = Release|Any CPU
		{896A5289-7F6F-4E48-8534-A98692D0D09C}.Release|Any CPU.Build.0 = Release|Any CPU
	EndGlobalSection
	GlobalSection(SolutionProperties) = preSolution
		HideSolutionNode = FALSE
	EndGlobalSection
	GlobalSection(ExtensibilityGlobals) = postSolution
		SolutionGuid = {A05AB96D-793D-4252-A0E0-5EA47EC85604}
	EndGlobalSection
EndGlobal
