
Microsoft Visual Studio Solution File, Format Version 12.00
# Visual Studio Version 17
VisualStudioVersion = 17.5.33627.172
MinimumVisualStudioVersion = 10.0.40219.1
Project("{FAE04EC0-301F-11D3-BF4B-00C04F79EFBC}") = "practical-2", "practical-2.csproj", "{FD6C9F0E-2070-4D56-987C-2C0B86F12424}"
EndProject
Global
	GlobalSection(SolutionConfigurationPlatforms) = preSolution
		Debug|Any CPU = Debug|Any CPU
		Release|Any CPU = Release|Any CPU
	EndGlobalSection
	GlobalSection(ProjectConfigurationPlatforms) = postSolution
		{FD6C9F0E-2070-4D56-987C-2C0B86F12424}.Debug|Any CPU.ActiveCfg = Debug|Any CPU
		{FD6C9F0E-2070-4D56-987C-2C0B86F12424}.Debug|Any CPU.Build.0 = Debug|Any CPU
		{FD6C9F0E-2070-4D56-987C-2C0B86F12424}.Release|Any CPU.ActiveCfg = Release|Any CPU
		{FD6C9F0E-2070-4D56-987C-2C0B86F12424}.Release|Any CPU.Build.0 = Release|Any CPU
	EndGlobalSection
	GlobalSection(SolutionProperties) = preSolution
		HideSolutionNode = FALSE
	EndGlobalSection
	GlobalSection(ExtensibilityGlobals) = postSolution
		SolutionGuid = {2E58AAFD-D92E-41AC-A3A2-63037973DED5}
	EndGlobalSection
EndGlobal
