
Microsoft Visual Studio Solution File, Format Version 12.00
# Visual Studio Version 17
VisualStudioVersion = 17.2.32602.215
MinimumVisualStudioVersion = 10.0.40219.1
Project("{FAE04EC0-301F-11D3-BF4B-00C04F79EFBC}") = "BankApplication", "BankApplication.csproj", "{3A457A1F-2EA9-4C78-AF87-5E6F00E94879}"
EndProject
Global
	GlobalSection(SolutionConfigurationPlatforms) = preSolution
		Debug|Any CPU = Debug|Any CPU
		Release|Any CPU = Release|Any CPU
	EndGlobalSection
	GlobalSection(ProjectConfigurationPlatforms) = postSolution
		{3A457A1F-2EA9-4C78-AF87-5E6F00E94879}.Debug|Any CPU.ActiveCfg = Debug|Any CPU
		{3A457A1F-2EA9-4C78-AF87-5E6F00E94879}.Debug|Any CPU.Build.0 = Debug|Any CPU
		{3A457A1F-2EA9-4C78-AF87-5E6F00E94879}.Release|Any CPU.ActiveCfg = Release|Any CPU
		{3A457A1F-2EA9-4C78-AF87-5E6F00E94879}.Release|Any CPU.Build.0 = Release|Any CPU
	EndGlobalSection
	GlobalSection(SolutionProperties) = preSolution
		HideSolutionNode = FALSE
	EndGlobalSection
	GlobalSection(ExtensibilityGlobals) = postSolution
		SolutionGuid = {B103F6D0-1201-4369-AE35-B45E3FD03564}
	EndGlobalSection
EndGlobal
